
Microsoft Visual Studio Solution File, Format Version 12.00
# Visual Studio 14
VisualStudioVersion = 14.0.23107.0
MinimumVisualStudioVersion = 10.0.40219.1
Project("{FAE04EC0-301F-11D3-BF4B-00C04F79EFBC}") = "TestApplicatieGit", "TestApplicatieGit\TestApplicatieGit.csproj", "{5BA26678-1946-4A1E-A26E-93C247AA657B}"
EndProject
Project("{FAE04EC0-301F-11D3-BF4B-00C04F79EFBC}") = "TestApplicatieGit.Tests", "TestApplicatieGit.Tests\TestApplicatieGit.Tests.csproj", "{98D12A5B-60F3-46E8-A779-C1FBC24C66E3}"
EndProject
Global
	GlobalSection(SolutionConfigurationPlatforms) = preSolution
		Debug|Any CPU = Debug|Any CPU
		Release|Any CPU = Release|Any CPU
	EndGlobalSection
	GlobalSection(ProjectConfigurationPlatforms) = postSolution
		{5BA26678-1946-4A1E-A26E-93C247AA657B}.Debug|Any CPU.ActiveCfg = Debug|Any CPU
		{5BA26678-1946-4A1E-A26E-93C247AA657B}.Debug|Any CPU.Build.0 = Debug|Any CPU
		{5BA26678-1946-4A1E-A26E-93C247AA657B}.Release|Any CPU.ActiveCfg = Release|Any CPU
		{5BA26678-1946-4A1E-A26E-93C247AA657B}.Release|Any CPU.Build.0 = Release|Any CPU
		{98D12A5B-60F3-46E8-A779-C1FBC24C66E3}.Debug|Any CPU.ActiveCfg = Debug|Any CPU
		{98D12A5B-60F3-46E8-A779-C1FBC24C66E3}.Debug|Any CPU.Build.0 = Debug|Any CPU
		{98D12A5B-60F3-46E8-A779-C1FBC24C66E3}.Release|Any CPU.ActiveCfg = Release|Any CPU
		{98D12A5B-60F3-46E8-A779-C1FBC24C66E3}.Release|Any CPU.Build.0 = Release|Any CPU
	EndGlobalSection
	GlobalSection(SolutionProperties) = preSolution
		HideSolutionNode = FALSE
	EndGlobalSection
EndGlobal
